Microsoft Visual Studio Solution File, Format Version 12.00
# Visual Studio 15
VisualStudioVersion = 15.0.26730.10
MinimumVisualStudioVersion = 15.0.26124.0
Project("{2150E333-8FDC-42A3-9474-1A3956D46DE8}") = "src", "src", "{1EE15B4E-8FD9-459A-A21F-C7325B662D6E}"
EndProject
Project("{2150E333-8FDC-42A3-9474-1A3956D46DE8}") = "test", "test", "{157DBC66-9AAA-49BF-938F-5C20A58B196D}"
EndProject
Project("{9A19103F-16F7-4668-BE54-9A1E7A4F7556}") = "Chess.Core", "src\Chess.Core\Chess.Core.csproj", "{08183355-8369-4033-8524-BBF121B2A845}"
EndProject
Project("{9A19103F-16F7-4668-BE54-9A1E7A4F7556}") = "Chess.Test", "test\Chess.Test\Chess.Test.csproj", "{7352A838-889B-4D81-9FF4-6F5909619196}"
EndProject
Global
	GlobalSection(SolutionConfigurationPlatforms) = preSolution
		Debug|Any CPU = Debug|Any CPU
		Release|Any CPU = Release|Any CPU
	EndGlobalSection
	GlobalSection(ProjectConfigurationPlatforms) = postSolution
		{08183355-8369-4033-8524-BBF121B2A845}.Debug|Any CPU.ActiveCfg = Debug|Any CPU
		{08183355-8369-4033-8524-BBF121B2A845}.Debug|Any CPU.Build.0 = Debug|Any CPU
		{08183355-8369-4033-8524-BBF121B2A845}.Release|Any CPU.ActiveCfg = Release|Any CPU
		{08183355-8369-4033-8524-BBF121B2A845}.Release|Any CPU.Build.0 = Release|Any CPU
		{7352A838-889B-4D81-9FF4-6F5909619196}.Debug|Any CPU.ActiveCfg = Debug|Any CPU
		{7352A838-889B-4D81-9FF4-6F5909619196}.Debug|Any CPU.Build.0 = Debug|Any CPU
		{7352A838-889B-4D81-9FF4-6F5909619196}.Release|Any CPU.ActiveCfg = Release|Any CPU
		{7352A838-889B-4D81-9FF4-6F5909619196}.Release|Any CPU.Build.0 = Release|Any CPU
	EndGlobalSection
	GlobalSection(SolutionProperties) = preSolution
		HideSolutionNode = FALSE
	EndGlobalSection
	GlobalSection(NestedProjects) = preSolution
		{08183355-8369-4033-8524-BBF121B2A845} = {1EE15B4E-8FD9-459A-A21F-C7325B662D6E}
		{7352A838-889B-4D81-9FF4-6F5909619196} = {157DBC66-9AAA-49BF-938F-5C20A58B196D}
	EndGlobalSection
	GlobalSection(ExtensibilityGlobals) = postSolution
		SolutionGuid = {4D1FB90D-FABE-446F-87C7-54278BE03530}
	EndGlobalSection
EndGlobal
